
Microsoft Visual Studio Solution File, Format Version 12.00
# Visual Studio Version 17
VisualStudioVersion = 17.11.35303.130
MinimumVisualStudioVersion = 10.0.40219.1
Project("{2150E333-8FDC-42A3-9474-1A3956D46DE8}") = "Task0", "Task0", "{2E3AB5A6-2E03-4641-B4E2-DF9A832F51A4}"
EndProject
Project("{FAE04EC0-301F-11D3-BF4B-00C04F79EFBC}") = "Tyuiu.AkhmedullovRR.Sprint1.Task0.V19", "Tyuiu.AkhmedullovRR.Sprint1.Task0.V19\Tyuiu.AkhmedullovRR.Sprint1.Task0.V19.csproj", "{7258D567-8826-48C2-BFF5-4202B9754CA5}"
EndProject
Project("{FAE04EC0-301F-11D3-BF4B-00C04F79EFBC}") = "Tyuiu.AkhmedullovRR.Sprint1.Task0.V19.Lib", "Tyuiu.AkhmedullovRR.Sprint1.Task0.V19.Lib\Tyuiu.AkhmedullovRR.Sprint1.Task0.V19.Lib.csproj", "{A5677488-BDAB-4B61-98E5-DE626EECB7CE}"
EndProject
Project("{FAE04EC0-301F-11D3-BF4B-00C04F79EFBC}") = "Tyuiu.AkhmedullovRR.Sprint1.Task0.V19.Test", "Tyuiu.AkhmedullovRR.Sprint1.Task0.V19.Test\Tyuiu.AkhmedullovRR.Sprint1.Task0.V19.Test.csproj", "{3098D1DC-05AB-412F-9C2A-7031269E8459}"
EndProject
Project("{2150E333-8FDC-42A3-9474-1A3956D46DE8}") = "Task1", "Task1", "{71FA4416-6F87-4F60-BDC2-BE390E1CBAC9}"
EndProject
Project("{FAE04EC0-301F-11D3-BF4B-00C04F79EFBC}") = "Tyuiu.AkhmedullovRR.Sprint1.Task1.V25", "Tyuiu.AkhmedullovRR.Sprint1.Task1.V25\Tyuiu.AkhmedullovRR.Sprint1.Task1.V25.csproj", "{2FB74484-4675-45C0-A866-4A70061F1AA4}"
EndProject
Project("{FAE04EC0-301F-11D3-BF4B-00C04F79EFBC}") = "Tyuiu.AkhmedullovRR.Sprint1.Task1.V25.Lib", "Tyuiu.AkhmedullovRR.Sprint1.Task1.V25.Lib\Tyuiu.AkhmedullovRR.Sprint1.Task1.V25.Lib.csproj", "{B8A6A0DF-14D6-48E1-8E1C-C061CCDB2DB9}"
EndProject
Project("{FAE04EC0-301F-11D3-BF4B-00C04F79EFBC}") = "Tyuiu.AkhmedullovRR.Sprint1.Task1.V25.Test", "Tyuiu.AkhmedullovRR.Sprint1.Task1.V25.Test\Tyuiu.AkhmedullovRR.Sprint1.Task1.V25.Test.csproj", "{E030B697-4ABC-43AC-836B-9077479BC1C2}"
EndProject
Project("{2150E333-8FDC-42A3-9474-1A3956D46DE8}") = "Task2", "Task2", "{F5A2184C-7CC8-4910-BAE4-8A219B5165DB}"
EndProject
Project("{FAE04EC0-301F-11D3-BF4B-00C04F79EFBC}") = "Tyuiu.AkhmedullovRR.Sprint1.Task2.V1", "Tyuiu.AkhmedullovRR.Sprint1.Task2.V1\Tyuiu.AkhmedullovRR.Sprint1.Task2.V1.csproj", "{E94ED759-0F0F-416B-930A-25B541B3D4F9}"
EndProject
Project("{FAE04EC0-301F-11D3-BF4B-00C04F79EFBC}") = "Tyuiu.AkhmedullovRR.Sprint1.Task2.V1.Lib", "Tyuiu.AkhmedullovRR.Sprint1.Task2.V1.Lib\Tyuiu.AkhmedullovRR.Sprint1.Task2.V1.Lib.csproj", "{ABD157DD-713A-4512-816C-6559DB87F2DA}"
EndProject
Project("{FAE04EC0-301F-11D3-BF4B-00C04F79EFBC}") = "Tyuiu.AkhmedullovRR.Sprint1.Task2.V1.Test", "Tyuiu.AkhmedullovRR.Sprint1.Task2.V1.Test\Tyuiu.AkhmedullovRR.Sprint1.Task2.V1.Test.csproj", "{D345FA49-720F-4684-843C-8221A22EB77D}"
EndProject
Project("{2150E333-8FDC-42A3-9474-1A3956D46DE8}") = "Task3", "Task3", "{64869588-024B-486E-A902-B6DBAF1C4683}"
EndProject
Project("{FAE04EC0-301F-11D3-BF4B-00C04F79EFBC}") = "Tyuiu.AkhmedullovRR.Sprint1.Task3.V8", "Tyuiu.AkhmedullovRR.Sprint1.Task3.V8\Tyuiu.AkhmedullovRR.Sprint1.Task3.V8.csproj", "{9E4AF337-8265-480B-BDD5-A152D4882A76}"
EndProject
Project("{FAE04EC0-301F-11D3-BF4B-00C04F79EFBC}") = "Tyuiu.AkhmedullovRR.Sprint1.Task3.V8.Lib", "Tyuiu.AkhmedullovRR.Sprint1.Task3.V8.Lib\Tyuiu.AkhmedullovRR.Sprint1.Task3.V8.Lib.csproj", "{CE738E53-F775-49D4-BD7D-6DD662FAB0E2}"
EndProject
Project("{FAE04EC0-301F-11D3-BF4B-00C04F79EFBC}") = "Tyuiu.AkhmedullovRR.Sprint1.Task3.V8.Test", "Tyuiu.AkhmedullovRR.Sprint1.Task3.V8.Test\Tyuiu.AkhmedullovRR.Sprint1.Task3.V8.Test.csproj", "{805FFF83-BAF2-4D07-B073-AE14C6A240D7}"
EndProject
Project("{FAE04EC0-301F-11D3-BF4B-00C04F79EFBC}") = "Tyuiu.AkhmedullovRR.Sprint1.Task4.V7", "Tyuiu.AkhmedullovRR.Sprint1.Task4.V7\Tyuiu.AkhmedullovRR.Sprint1.Task4.V7.csproj", "{F8D22F98-AEDB-431C-B6D9-19D7663C3358}"
EndProject
Project("{2150E333-8FDC-42A3-9474-1A3956D46DE8}") = "Task4", "Task4", "{7773FDB7-7F46-484F-9893-9E0A1484A470}"
EndProject
Project("{FAE04EC0-301F-11D3-BF4B-00C04F79EFBC}") = "Tyuiu.AkhmedullovRR.Sprint1.Task4.V7.Lib", "Tyuiu.AkhmedullovRR.Sprint1.Task4.V7.Lib\Tyuiu.AkhmedullovRR.Sprint1.Task4.V7.Lib.csproj", "{74B90003-ECF5-43A5-942B-3CA7FFFF070E}"
EndProject
Project("{FAE04EC0-301F-11D3-BF4B-00C04F79EFBC}") = "Tyuiu.AkhmedullovRR.Sprint1.Task4.V7.Test", "Tyuiu.AkhmedullovRR.Sprint1.Task4.V7.Test\Tyuiu.AkhmedullovRR.Sprint1.Task4.V7.Test.csproj", "{36846024-5011-4A48-A2D2-B40526C875EF}"
EndProject
Project("{FAE04EC0-301F-11D3-BF4B-00C04F79EFBC}") = "Tyuiu.AkhmedullovRR.Sprint1.Task5.V6", "Tyuiu.AkhmedullovRR.Sprint1.Task5.V6\Tyuiu.AkhmedullovRR.Sprint1.Task5.V6.csproj", "{449E188C-31DF-415A-BBDF-233814A70916}"
EndProject
Project("{2150E333-8FDC-42A3-9474-1A3956D46DE8}") = "Task5", "Task5", "{6D87120C-CF50-4B96-804C-7758231AD911}"
EndProject
Project("{FAE04EC0-301F-11D3-BF4B-00C04F79EFBC}") = "Tyuiu.AkhmedullovRR.Sprint1.Task5.V6.Lib", "Tyuiu.AkhmedullovRR.Sprint1.Task5.V6.Lib\Tyuiu.AkhmedullovRR.Sprint1.Task5.V6.Lib.csproj", "{0CC40092-B5B6-4FC8-B963-7CD3B8543AE2}"
EndProject
Project("{FAE04EC0-301F-11D3-BF4B-00C04F79EFBC}") = "Tyuiu.AkhmedullovRR.Sprint1.Task5.V6.Test", "Tyuiu.AkhmedullovRR.Sprint1.Task5.V6.Test\Tyuiu.AkhmedullovRR.Sprint1.Task5.V6.Test.csproj", "{95C4D42B-04F6-4A88-96C6-F1FB0B9F0298}"
EndProject
Global
	GlobalSection(SolutionConfigurationPlatforms) = preSolution
		Debug|Any CPU = Debug|Any CPU
		Release|Any CPU = Release|Any CPU
	EndGlobalSection
	GlobalSection(ProjectConfigurationPlatforms) = postSolution
		{7258D567-8826-48C2-BFF5-4202B9754CA5}.Debug|Any CPU.ActiveCfg = Debug|Any CPU
		{7258D567-8826-48C2-BFF5-4202B9754CA5}.Debug|Any CPU.Build.0 = Debug|Any CPU
		{7258D567-8826-48C2-BFF5-4202B9754CA5}.Release|Any CPU.ActiveCfg = Release|Any CPU
		{7258D567-8826-48C2-BFF5-4202B9754CA5}.Release|Any CPU.Build.0 = Release|Any CPU
		{A5677488-BDAB-4B61-98E5-DE626EECB7CE}.Debug|Any CPU.ActiveCfg = Debug|Any CPU
		{A5677488-BDAB-4B61-98E5-DE626EECB7CE}.Debug|Any CPU.Build.0 = Debug|Any CPU
		{A5677488-BDAB-4B61-98E5-DE626EECB7CE}.Release|Any CPU.ActiveCfg = Release|Any CPU
		{A5677488-BDAB-4B61-98E5-DE626EECB7CE}.Release|Any CPU.Build.0 = Release|Any CPU
		{3098D1DC-05AB-412F-9C2A-7031269E8459}.Debug|Any CPU.ActiveCfg = Debug|Any CPU
		{3098D1DC-05AB-412F-9C2A-7031269E8459}.Debug|Any CPU.Build.0 = Debug|Any CPU
		{3098D1DC-05AB-412F-9C2A-7031269E8459}.Release|Any CPU.ActiveCfg = Release|Any CPU
		{3098D1DC-05AB-412F-9C2A-7031269E8459}.Release|Any CPU.Build.0 = Release|Any CPU
		{2FB74484-4675-45C0-A866-4A70061F1AA4}.Debug|Any CPU.ActiveCfg = Debug|Any CPU
		{2FB74484-4675-45C0-A866-4A70061F1AA4}.Debug|Any CPU.Build.0 = Debug|Any CPU
		{2FB74484-4675-45C0-A866-4A70061F1AA4}.Release|Any CPU.ActiveCfg = Release|Any CPU
		{2FB74484-4675-45C0-A866-4A70061F1AA4}.Release|Any CPU.Build.0 = Release|Any CPU
		{B8A6A0DF-14D6-48E1-8E1C-C061CCDB2DB9}.Debug|Any CPU.ActiveCfg = Debug|Any CPU
		{B8A6A0DF-14D6-48E1-8E1C-C061CCDB2DB9}.Debug|Any CPU.Build.0 = Debug|Any CPU
		{B8A6A0DF-14D6-48E1-8E1C-C061CCDB2DB9}.Release|Any CPU.ActiveCfg = Release|Any CPU
		{B8A6A0DF-14D6-48E1-8E1C-C061CCDB2DB9}.Release|Any CPU.Build.0 = Release|Any CPU
		{E030B697-4ABC-43AC-836B-9077479BC1C2}.Debug|Any CPU.ActiveCfg = Debug|Any CPU
		{E030B697-4ABC-43AC-836B-9077479BC1C2}.Debug|Any CPU.Build.0 = Debug|Any CPU
		{E030B697-4ABC-43AC-836B-9077479BC1C2}.Release|Any CPU.ActiveCfg = Release|Any CPU
		{E030B697-4ABC-43AC-836B-9077479BC1C2}.Release|Any CPU.Build.0 = Release|Any CPU
		{E94ED759-0F0F-416B-930A-25B541B3D4F9}.Debug|Any CPU.ActiveCfg = Debug|Any CPU
		{E94ED759-0F0F-416B-930A-25B541B3D4F9}.Debug|Any CPU.Build.0 = Debug|Any CPU
		{E94ED759-0F0F-416B-930A-25B541B3D4F9}.Release|Any CPU.ActiveCfg = Release|Any CPU
		{E94ED759-0F0F-416B-930A-25B541B3D4F9}.Release|Any CPU.Build.0 = Release|Any CPU
		{ABD157DD-713A-4512-816C-6559DB87F2DA}.Debug|Any CPU.ActiveCfg = Debug|Any CPU
		{ABD157DD-713A-4512-816C-6559DB87F2DA}.Debug|Any CPU.Build.0 = Debug|Any CPU
		{ABD157DD-713A-4512-816C-6559DB87F2DA}.Release|Any CPU.ActiveCfg = Release|Any CPU
		{ABD157DD-713A-4512-816C-6559DB87F2DA}.Release|Any CPU.Build.0 = Release|Any CPU
		{D345FA49-720F-4684-843C-8221A22EB77D}.Debug|Any CPU.ActiveCfg = Debug|Any CPU
		{D345FA49-720F-4684-843C-8221A22EB77D}.Debug|Any CPU.Build.0 = Debug|Any CPU
		{D345FA49-720F-4684-843C-8221A22EB77D}.Release|Any CPU.ActiveCfg = Release|Any CPU
		{D345FA49-720F-4684-843C-8221A22EB77D}.Release|Any CPU.Build.0 = Release|Any CPU
		{9E4AF337-8265-480B-BDD5-A152D4882A76}.Debug|Any CPU.ActiveCfg = Debug|Any CPU
		{9E4AF337-8265-480B-BDD5-A152D4882A76}.Debug|Any CPU.Build.0 = Debug|Any CPU
		{9E4AF337-8265-480B-BDD5-A152D4882A76}.Release|Any CPU.ActiveCfg = Release|Any CPU
		{9E4AF337-8265-480B-BDD5-A152D4882A76}.Release|Any CPU.Build.0 = Release|Any CPU
		{CE738E53-F775-49D4-BD7D-6DD662FAB0E2}.Debug|Any CPU.ActiveCfg = Debug|Any CPU
		{CE738E53-F775-49D4-BD7D-6DD662FAB0E2}.Debug|Any CPU.Build.0 = Debug|Any CPU
		{CE738E53-F775-49D4-BD7D-6DD662FAB0E2}.Release|Any CPU.ActiveCfg = Release|Any CPU
		{CE738E53-F775-49D4-BD7D-6DD662FAB0E2}.Release|Any CPU.Build.0 = Release|Any CPU
		{805FFF83-BAF2-4D07-B073-AE14C6A240D7}.Debug|Any CPU.ActiveCfg = Debug|Any CPU
		{805FFF83-BAF2-4D07-B073-AE14C6A240D7}.Debug|Any CPU.Build.0 = Debug|Any CPU
		{805FFF83-BAF2-4D07-B073-AE14C6A240D7}.Release|Any CPU.ActiveCfg = Release|Any CPU
		{805FFF83-BAF2-4D07-B073-AE14C6A240D7}.Release|Any CPU.Build.0 = Release|Any CPU
		{F8D22F98-AEDB-431C-B6D9-19D7663C3358}.Debug|Any CPU.ActiveCfg = Debug|Any CPU
		{F8D22F98-AEDB-431C-B6D9-19D7663C3358}.Debug|Any CPU.Build.0 = Debug|Any CPU
		{F8D22F98-AEDB-431C-B6D9-19D7663C3358}.Release|Any CPU.ActiveCfg = Release|Any CPU
		{F8D22F98-AEDB-431C-B6D9-19D7663C3358}.Release|Any CPU.Build.0 = Release|Any CPU
		{74B90003-ECF5-43A5-942B-3CA7FFFF070E}.Debug|Any CPU.ActiveCfg = Debug|Any CPU
		{74B90003-ECF5-43A5-942B-3CA7FFFF070E}.Debug|Any CPU.Build.0 = Debug|Any CPU
		{74B90003-ECF5-43A5-942B-3CA7FFFF070E}.Release|Any CPU.ActiveCfg = Release|Any CPU
		{74B90003-ECF5-43A5-942B-3CA7FFFF070E}.Release|Any CPU.Build.0 = Release|Any CPU
		{36846024-5011-4A48-A2D2-B40526C875EF}.Debug|Any CPU.ActiveCfg = Debug|Any CPU
		{36846024-5011-4A48-A2D2-B40526C875EF}.Debug|Any CPU.Build.0 = Debug|Any CPU
		{36846024-5011-4A48-A2D2-B40526C875EF}.Release|Any CPU.ActiveCfg = Release|Any CPU
		{36846024-5011-4A48-A2D2-B40526C875EF}.Release|Any CPU.Build.0 = Release|Any CPU
		{449E188C-31DF-415A-BBDF-233814A70916}.Debug|Any CPU.ActiveCfg = Debug|Any CPU
		{449E188C-31DF-415A-BBDF-233814A70916}.Debug|Any CPU.Build.0 = Debug|Any CPU
		{449E188C-31DF-415A-BBDF-233814A70916}.Release|Any CPU.ActiveCfg = Release|Any CPU
		{449E188C-31DF-415A-BBDF-233814A70916}.Release|Any CPU.Build.0 = Release|Any CPU
		{0CC40092-B5B6-4FC8-B963-7CD3B8543AE2}.Debug|Any CPU.ActiveCfg = Debug|Any CPU
		{0CC40092-B5B6-4FC8-B963-7CD3B8543AE2}.Debug|Any CPU.Build.0 = Debug|Any CPU
		{0CC40092-B5B6-4FC8-B963-7CD3B8543AE2}.Release|Any CPU.ActiveCfg = Release|Any CPU
		{0CC40092-B5B6-4FC8-B963-7CD3B8543AE2}.Release|Any CPU.Build.0 = Release|Any CPU
		{95C4D42B-04F6-4A88-96C6-F1FB0B9F0298}.Debug|Any CPU.ActiveCfg = Debug|Any CPU
		{95C4D42B-04F6-4A88-96C6-F1FB0B9F0298}.Debug|Any CPU.Build.0 = Debug|Any CPU
		{95C4D42B-04F6-4A88-96C6-F1FB0B9F0298}.Release|Any CPU.ActiveCfg = Release|Any CPU
		{95C4D42B-04F6-4A88-96C6-F1FB0B9F0298}.Release|Any CPU.Build.0 = Release|Any CPU
	EndGlobalSection
	GlobalSection(SolutionProperties) = preSolution
		HideSolutionNode = FALSE
	EndGlobalSection
	GlobalSection(NestedProjects) = preSolution
		{7258D567-8826-48C2-BFF5-4202B9754CA5} = {2E3AB5A6-2E03-4641-B4E2-DF9A832F51A4}
		{A5677488-BDAB-4B61-98E5-DE626EECB7CE} = {2E3AB5A6-2E03-4641-B4E2-DF9A832F51A4}
		{3098D1DC-05AB-412F-9C2A-7031269E8459} = {2E3AB5A6-2E03-4641-B4E2-DF9A832F51A4}
		{2FB74484-4675-45C0-A866-4A70061F1AA4} = {71FA4416-6F87-4F60-BDC2-BE390E1CBAC9}
		{B8A6A0DF-14D6-48E1-8E1C-C061CCDB2DB9} = {71FA4416-6F87-4F60-BDC2-BE390E1CBAC9}
		{E030B697-4ABC-43AC-836B-9077479BC1C2} = {71FA4416-6F87-4F60-BDC2-BE390E1CBAC9}
		{E94ED759-0F0F-416B-930A-25B541B3D4F9} = {F5A2184C-7CC8-4910-BAE4-8A219B5165DB}
		{ABD157DD-713A-4512-816C-6559DB87F2DA} = {F5A2184C-7CC8-4910-BAE4-8A219B5165DB}
		{D345FA49-720F-4684-843C-8221A22EB77D} = {F5A2184C-7CC8-4910-BAE4-8A219B5165DB}
		{9E4AF337-8265-480B-BDD5-A152D4882A76} = {64869588-024B-486E-A902-B6DBAF1C4683}
		{CE738E53-F775-49D4-BD7D-6DD662FAB0E2} = {64869588-024B-486E-A902-B6DBAF1C4683}
		{805FFF83-BAF2-4D07-B073-AE14C6A240D7} = {64869588-024B-486E-A902-B6DBAF1C4683}
		{F8D22F98-AEDB-431C-B6D9-19D7663C3358} = {7773FDB7-7F46-484F-9893-9E0A1484A470}
		{74B90003-ECF5-43A5-942B-3CA7FFFF070E} = {7773FDB7-7F46-484F-9893-9E0A1484A470}
		{36846024-5011-4A48-A2D2-B40526C875EF} = {7773FDB7-7F46-484F-9893-9E0A1484A470}
		{449E188C-31DF-415A-BBDF-233814A70916} = {6D87120C-CF50-4B96-804C-7758231AD911}
		{0CC40092-B5B6-4FC8-B963-7CD3B8543AE2} = {6D87120C-CF50-4B96-804C-7758231AD911}
		{95C4D42B-04F6-4A88-96C6-F1FB0B9F0298} = {6D87120C-CF50-4B96-804C-7758231AD911}
	EndGlobalSection
	GlobalSection(ExtensibilityGlobals) = postSolution
		SolutionGuid = {042125A0-9A84-4CE0-8EE7-6A74A3A2D83A}
	EndGlobalSection
EndGlobal
